// !$*UTF8*$!
{
	archiveVersion = 1;
	classes = {
	};
	objectVersion = 50;
	objects = {

/* Begin PBXBuildFile section */
		636AA15524B64BDD0070EAA1 /* AppDelegate.swift in Sources */ = {isa = PBXBuildFile; fileRef = 636AA15424B64BDD0070EAA1 /* AppDelegate.swift */; };
		636AA15724B64BDD0070EAA1 /* SceneDelegate.swift in Sources */ = {isa = PBXBuildFile; fileRef = 636AA15624B64BDD0070EAA1 /* SceneDelegate.swift */; };
		636AA15924B64BDD0070EAA1 /* FirstViewController.swift in Sources */ = {isa = PBXBuildFile; fileRef = 636AA15824B64BDD0070EAA1 /* FirstViewController.swift */; };
		636AA15B24B64BDD0070EAA1 /* SecondViewController.swift in Sources */ = {isa = PBXBuildFile; fileRef = 636AA15A24B64BDD0070EAA1 /* SecondViewController.swift */; };
		636AA15E24B64BDD0070EAA1 /* Main.storyboard in Resources */ = {isa = PBXBuildFile; fileRef = 636AA15C24B64BDD0070EAA1 /* Main.storyboard */; };
		636AA16024B64BDF0070EAA1 /* Assets.xcassets in Resources */ = {isa = PBXBuildFile; fileRef = 636AA15F24B64BDF0070EAA1 /* Assets.xcassets */; };
		636AA16324B64BDF0070EAA1 /* LaunchScreen.storyboard in Resources */ = {isa = PBXBuildFile; fileRef = 636AA16124B64BDF0070EAA1 /* LaunchScreen.storyboard */; };
/* End PBXBuildFile section */

/* Begin PBXFileReference section */
		636AA15124B64BDD0070EAA1 /* ScheduleTime.app */ = {isa = PBXFileReference; explicitFileType = wrapper.application; includeInIndex = 0; path = ScheduleTime.app; sourceTree = BUILT_PRODUCTS_DIR; };
		636AA15424B64BDD0070EAA1 /* AppDelegate.swift */ = {isa = PBXFileReference; lastKnownFileType = sourcecode.swift; path = AppDelegate.swift; sourceTree = "<group>"; };
		636AA15624B64BDD0070EAA1 /* SceneDelegate.swift */ = {isa = PBXFileReference; lastKnownFileType = sourcecode.swift; path = SceneDelegate.swift; sourceTree = "<group>"; };
		636AA15824B64BDD0070EAA1 /* FirstViewController.swift */ = {isa = PBXFileReference; lastKnownFileType = sourcecode.swift; path = FirstViewController.swift; sourceTree = "<group>"; };
		636AA15A24B64BDD0070EAA1 /* SecondViewController.swift */ = {isa = PBXFileReference; lastKnownFileType = sourcecode.swift; path = SecondViewController.swift; sourceTree = "<group>"; };
		636AA15D24B64BDD0070EAA1 /* Base */ = {isa = PBXFileReference; lastKnownFileType = file.storyboard; name = Base; path = Base.lproj/Main.storyboard; sourceTree = "<group>"; };
		636AA15F24B64BDF0070EAA1 /* Assets.xcassets */ = {isa = PBXFileReference; lastKnownFileType = folder.assetcatalog; path = Assets.xcassets; sourceTree = "<group>"; };
		636AA16224B64BDF0070EAA1 /* Base */ = {isa = PBXFileReference; lastKnownFileType = file.storyboard; name = Base; path = Base.lproj/LaunchScreen.storyboard; sourceTree = "<group>"; };
		636AA16424B64BDF0070EAA1 /* Info.plist */ = {isa = PBXFileReference; lastKnownFileType = text.plist.xml; path = Info.plist; sourceTree = "<group>"; };
/* End PBXFileReference section */

/* Begin PBXFrameworksBuildPhase section */
		636AA14E24B64BDD0070EAA1 /* Frameworks */ = {
			isa = PBXFrameworksBuildPhase;
			buildActionMask = 2147483647;
			files = (
			);
			runOnlyForDeploymentPostprocessing = 0;
		};
/* End PBXFrameworksBuildPhase section */

/* Begin PBXGroup section */
		636AA14824B64BDD0070EAA1 = {
			isa = PBXGroup;
			children = (
				636AA15324B64BDD0070EAA1 /* ScheduleTime */,
				636AA15224B64BDD0070EAA1 /* Products */,
			);
			sourceTree = "<group>";
		};
		636AA15224B64BDD0070EAA1 /* Products */ = {
			isa = PBXGroup;
			children = (
				636AA15124B64BDD0070EAA1 /* ScheduleTime.app */,
			);
			name = Products;
			sourceTree = "<group>";
		};
		636AA15324B64BDD0070EAA1 /* ScheduleTime */ = {
			isa = PBXGroup;
			children = (
				636AA15424B64BDD0070EAA1 /* AppDelegate.swift */,
				636AA15624B64BDD0070EAA1 /* SceneDelegate.swift */,
				636AA15824B64BDD0070EAA1 /* FirstViewController.swift */,
				636AA15A24B64BDD0070EAA1 /* SecondViewController.swift */,
				636AA15C24B64BDD0070EAA1 /* Main.storyboard */,
				636AA15F24B64BDF0070EAA1 /* Assets.xcassets */,
				636AA16124B64BDF0070EAA1 /* LaunchScreen.storyboard */,
				636AA16424B64BDF0070EAA1 /* Info.plist */,
			);
			path = ScheduleTime;
			sourceTree = "<group>";
		};
/* End PBXGroup section */

/* Begin PBXNativeTarget section */
		636AA15024B64BDD0070EAA1 /* ScheduleTime */ = {
			isa = PBXNativeTarget;
			buildConfigurationList = 636AA16724B64BDF0070EAA1 /* Build configuration list for PBXNativeTarget "ScheduleTime" */;
			buildPhases = (
				636AA14D24B64BDD0070EAA1 /* Sources */,
				636AA14E24B64BDD0070EAA1 /* Frameworks */,
				636AA14F24B64BDD0070EAA1 /* Resources */,
			);
			buildRules = (
			);
			dependencies = (
			);
			name = ScheduleTime;
			productName = ScheduleTime;
			productReference = 636AA15124B64BDD0070EAA1 /* ScheduleTime.app */;
			productType = "com.apple.product-type.application";
		};
/* End PBXNativeTarget section */

/* Begin PBXProject section */
		636AA14924B64BDD0070EAA1 /* Project object */ = {
			isa = PBXProject;
			attributes = {
				LastSwiftUpdateCheck = 1150;
				LastUpgradeCheck = 1150;
				ORGANIZATIONNAME = "Vaishant Makan";
				TargetAttributes = {
					636AA15024B64BDD0070EAA1 = {
						CreatedOnToolsVersion = 11.5;
					};
				};
			};
			buildConfigurationList = 636AA14C24B64BDD0070EAA1 /* Build configuration list for PBXProject "ScheduleTime" */;
			compatibilityVersion = "Xcode 9.3";
			developmentRegion = en;
			hasScannedForEncodings = 0;
			knownRegions = (
				en,
				Base,
			);
			mainGroup = 636AA14824B64BDD0070EAA1;
			productRefGroup = 636AA15224B64BDD0070EAA1 /* Products */;
			projectDirPath = "";
			projectRoot = "";
			targets = (
				636AA15024B64BDD0070EAA1 /* ScheduleTime */,
			);
		};
/* End PBXProject section */

/* Begin PBXResourcesBuildPhase section */
		636AA14F24B64BDD0070EAA1 /* Resources */ = {
			isa = PBXResourcesBuildPhase;
			buildActionMask = 2147483647;
			files = (
				636AA16324B64BDF0070EAA1 /* LaunchScreen.storyboard in Resources */,
				636AA16024B64BDF0070EAA1 /* Assets.xcassets in Resources */,
				636AA15E24B64BDD0070EAA1 /* Main.storyboard in Resources */,
			);
			runOnlyForDeploymentPostprocessing = 0;
		};
/* End PBXResourcesBuildPhase section */

/* Begin PBXSourcesBuildPhase section */
		636AA14D24B64BDD0070EAA1 /* Sources */ = {
			isa = PBXSourcesBuildPhase;
			buildActionMask = 2147483647;
			files = (
				636AA15B24B64BDD0070EAA1 /* SecondViewController.swift in Sources */,
				636AA15924B64BDD0070EAA1 /* FirstViewController.swift in Sources */,
				636AA15524B64BDD0070EAA1 /* AppDelegate.swift in Sources */,
				636AA15724B64BDD0070EAA1 /* SceneDelegate.swift in Sources */,
			);
			runOnlyForDeploymentPostprocessing = 0;
		};
/* End PBXSourcesBuildPhase section */

/* Begin PBXVariantGroup section */
		636AA15C24B64BDD0070EAA1 /* Main.storyboard */ = {
			isa = PBXVariantGroup;
			children = (
				636AA15D24B64BDD0070EAA1 /* Base */,
			);
			name = Main.storyboard;
			sourceTree = "<group>";
		};
		636AA16124B64BDF0070EAA1 /* LaunchScreen.storyboard */ = {
			isa = PBXVariantGroup;
			children = (
				636AA16224B64BDF0070EAA1 /* Base */,
			);
			name = LaunchScreen.storyboard;
			sourceTree = "<group>";
		};
/* End PBXVariantGroup section */

/* Begin XCBuildConfiguration section */
		636AA16524B64BDF0070EAA1 /* Debug */ = {
			isa = XCBuildConfiguration;
			buildSettings = {
				ALWAYS_SEARCH_USER_PATHS = NO;
				CLANG_ANALYZER_NONNULL = YES;
				CLANG_ANALYZER_NUMBER_OBJECT_CONVERSION = YES_AGGRESSIVE;
				CLANG_CXX_LANGUAGE_STANDARD = "gnu++14";
				CLANG_CXX_LIBRARY = "libc++";
				CLANG_ENABLE_MODULES = YES;
				CLANG_ENABLE_OBJC_ARC = YES;
				CLANG_ENABLE_OBJC_WEAK = YES;
				CLANG_WARN_BLOCK_CAPTURE_AUTORELEASING = YES;
				CLANG_WARN_BOOL_CONVERSION = YES;
				CLANG_WARN_COMMA = YES;
				CLANG_WARN_CONSTANT_CONVERSION = YES;
				CLANG_WARN_DEPRECATED_OBJC_IMPLEMENTATIONS = YES;
				CLANG_WARN_DIRECT_OBJC_ISA_USAGE = YES_ERROR;
				CLANG_WARN_DOCUMENTATION_COMMENTS = YES;
				CLANG_WARN_EMPTY_BODY = YES;
				CLANG_WARN_ENUM_CONVERSION = YES;
				CLANG_WARN_INFINITE_RECURSION = YES;
				CLANG_WARN_INT_CONVERSION = YES;
				CLANG_WARN_NON_LITERAL_NULL_CONVERSION = YES;
				CLANG_WARN_OBJC_IMPLICIT_RETAIN_SELF = YES;
				CLANG_WARN_OBJC_LITERAL_CONVERSION = YES;
				CLANG_WARN_OBJC_ROOT_CLASS = YES_ERROR;
				CLANG_WARN_RANGE_LOOP_ANALYSIS = YES;
				CLANG_WARN_STRICT_PROTOTYPES = YES;
				CLANG_WARN_SUSPICIOUS_MOVE = YES;
				CLANG_WARN_UNGUARDED_AVAILABILITY = YES_AGGRESSIVE;
				CLANG_WARN_UNREACHABLE_CODE = YES;
				CLANG_WARN__DUPLICATE_METHOD_MATCH = YES;
				COPY_PHASE_STRIP = NO;
				DEBUG_INFORMATION_FORMAT = dwarf;
				ENABLE_STRICT_OBJC_MSGSEND = YES;
				ENABLE_TESTABILITY = YES;
				GCC_C_LANGUAGE_STANDARD = gnu11;
				GCC_DYNAMIC_NO_PIC = NO;
				GCC_NO_COMMON_BLOCKS = YES;
				GCC_OPTIMIZATION_LEVEL = 0;
				GCC_PREPROCESSOR_DEFINITIONS = (
					"DEBUG=1",
					"$(inherited)",
				);
				GCC_WARN_64_TO_32_BIT_CONVERSION = YES;
				GCC_WARN_ABOUT_RETURN_TYPE = YES_ERROR;
				GCC_WARN_UNDECLARED_SELECTOR = YES;
				GCC_WARN_UNINITIALIZED_AUTOS = YES_AGGRESSIVE;
				GCC_WARN_UNUSED_FUNCTION = YES;
				GCC_WARN_UNUSED_VARIABLE = YES;
				IPHONEOS_DEPLOYMENT_TARGET = 13.5;
				MTL_ENABLE_DEBUG_INFO = INCLUDE_SOURCE;
				MTL_FAST_MATH = YES;
				ONLY_ACTIVE_ARCH = YES;
				SDKROOT = iphoneos;
				SWIFT_ACTIVE_COMPILATION_CONDITIONS = DEBUG;
				SWIFT_OPTIMIZATION_LEVEL = "-Onone";
			};
			name = Debug;
		};
		636AA16624B64BDF0070EAA1 /* Release */ = {
			isa = XCBuildConfiguration;
			buildSettings = {
				ALWAYS_SEARCH_USER_PATHS = NO;
				CLANG_ANALYZER_NONNULL = YES;
				CLANG_ANALYZER_NUMBER_OBJECT_CONVERSION = YES_AGGRESSIVE;
				CLANG_CXX_LANGUAGE_STANDARD = "gnu++14";
				CLANG_CXX_LIBRARY = "libc++";
				CLANG_ENABLE_MODULES = YES;
				CLANG_ENABLE_OBJC_ARC = YES;
				CLANG_ENABLE_OBJC_WEAK = YES;
				CLANG_WARN_BLOCK_CAPTURE_AUTORELEASING = YES;
				CLANG_WARN_BOOL_CONVERSION = YES;
				CLANG_WARN_COMMA = YES;
				CLANG_WARN_CONSTANT_CONVERSION = YES;
				CLANG_WARN_DEPRECATED_OBJC_IMPLEMENTATIONS = YES;
				CLANG_WARN_DIRECT_OBJC_ISA_USAGE = YES_ERROR;
				CLANG_WARN_DOCUMENTATION_COMMENTS = YES;
				CLANG_WARN_EMPTY_BODY = YES;
				CLANG_WARN_ENUM_CONVERSION = YES;
				CLANG_WARN_INFINITE_RECURSION = YES;
				CLANG_WARN_INT_CONVERSION = YES;
				CLANG_WARN_NON_LITERAL_NULL_CONVERSION = YES;
				CLANG_WARN_OBJC_IMPLICIT_RETAIN_SELF = YES;
				CLANG_WARN_OBJC_LITERAL_CONVERSION = YES;
				CLANG_WARN_OBJC_ROOT_CLASS = YES_ERROR;
				CLANG_WARN_RANGE_LOOP_ANALYSIS = YES;
				CLANG_WARN_STRICT_PROTOTYPES = YES;
				CLANG_WARN_SUSPICIOUS_MOVE = YES;
				CLANG_WARN_UNGUARDED_AVAILABILITY = YES_AGGRESSIVE;
				CLANG_WARN_UNREACHABLE_CODE = YES;
				CLANG_WARN__DUPLICATE_METHOD_MATCH = YES;
				COPY_PHASE_STRIP = NO;
				DEBUG_INFORMATION_FORMAT = "dwarf-with-dsym";
				ENABLE_NS_ASSERTIONS = NO;
				ENABLE_STRICT_OBJC_MSGSEND = YES;
				GCC_C_LANGUAGE_STANDARD = gnu11;
				GCC_NO_COMMON_BLOCKS = YES;
				GCC_WARN_64_TO_32_BIT_CONVERSION = YES;
				GCC_WARN_ABOUT_RETURN_TYPE = YES_ERROR;
				GCC_WARN_UNDECLARED_SELECTOR = YES;
				GCC_WARN_UNINITIALIZED_AUTOS = YES_AGGRESSIVE;
				GCC_WARN_UNUSED_FUNCTION = YES;
				GCC_WARN_UNUSED_VARIABLE = YES;
				IPHONEOS_DEPLOYMENT_TARGET = 13.5;
				MTL_ENABLE_DEBUG_INFO = NO;
				MTL_FAST_MATH = YES;
				SDKROOT = iphoneos;
				SWIFT_COMPILATION_MODE = wholemodule;
				SWIFT_OPTIMIZATION_LEVEL = "-O";
				VALIDATE_PRODUCT = YES;
			};
			name = Release;
		};
		636AA16824B64BDF0070EAA1 /* Debug */ = {
			isa = XCBuildConfiguration;
			buildSettings = {
				ASSETCATALOG_COMPILER_APPICON_NAME = AppIcon;
				CODE_SIGN_STYLE = Automatic;
				DEVELOPMENT_TEAM = P29N523H34;
				INFOPLIST_FILE = ScheduleTime/Info.plist;
				LD_RUNPATH_SEARCH_PATHS = (
					"$(inherited)",
					"@executable_path/Frameworks",
				);
				PRODUCT_BUNDLE_IDENTIFIER = com.vaishantmakan.ScheduleTime;
				PRODUCT_NAME = "$(TARGET_NAME)";
				SWIFT_VERSION = 5.0;
				TARGETED_DEVICE_FAMILY = "1,2";
			};
			name = Debug;
		};
		636AA16924B64BDF0070EAA1 /* Release */ = {
			isa = XCBuildConfiguration;
			buildSettings = {
				ASSETCATALOG_COMPILER_APPICON_NAME = AppIcon;
				CODE_SIGN_STYLE = Automatic;
				DEVELOPMENT_TEAM = P29N523H34;
				INFOPLIST_FILE = ScheduleTime/Info.plist;
				LD_RUNPATH_SEARCH_PATHS = (
					"$(inherited)",
					"@executable_path/Frameworks",
				);
				PRODUCT_BUNDLE_IDENTIFIER = com.vaishantmakan.ScheduleTime;
				PRODUCT_NAME = "$(TARGET_NAME)";
				SWIFT_VERSION = 5.0;
				TARGETED_DEVICE_FAMILY = "1,2";
			};
			name = Release;
		};
/* End XCBuildConfiguration section */

/* Begin XCConfigurationList section */
		636AA14C24B64BDD0070EAA1 /* Build configuration list for PBXProject "ScheduleTime" */ = {
			isa = XCConfigurationList;
			buildConfigurations = (
				636AA16524B64BDF0070EAA1 /* Debug */,
				636AA16624B64BDF0070EAA1 /* Release */,
			);
			defaultConfigurationIsVisible = 0;
			defaultConfigurationName = Release;
		};
		636AA16724B64BDF0070EAA1 /* Build configuration list for PBXNativeTarget "ScheduleTime" */ = {
			isa = XCConfigurationList;
			buildConfigurations = (
				636AA16824B64BDF0070EAA1 /* Debug */,
				636AA16924B64BDF0070EAA1 /* Release */,
			);
			defaultConfigurationIsVisible = 0;
			defaultConfigurationName = Release;
		};
/* End XCConfigurationList section */
	};
	rootObject = 636AA14924B64BDD0070EAA1 /* Project object */;
}
